
Microsoft Visual Studio Solution File, Format Version 12.00
# Visual Studio Version 16
VisualStudioVersion = 16.0.29418.71
MinimumVisualStudioVersion = 10.0.40219.1
Project("{FAE04EC0-301F-11D3-BF4B-00C04F79EFBC}") = "WebSite", "WebSite\WebSite.csproj", "{F781A00A-2D77-475D-B15D-5A2FC842097D}"
EndProject
Project("{FAE04EC0-301F-11D3-BF4B-00C04F79EFBC}") = "DataLayer", "DataLayer\DataLayer.csproj", "{6FD72609-CD19-4D27-8170-11EAC792F701}"
EndProject
Project("{FAE04EC0-301F-11D3-BF4B-00C04F79EFBC}") = "Core", "Core\Core.csproj", "{DCE0D8EB-DF37-4A24-8B9E-41F2837BB1F4}"
EndProject
Global
	GlobalSection(SolutionConfigurationPlatforms) = preSolution
		Debug|Any CPU = Debug|Any CPU
		Release|Any CPU = Release|Any CPU
	EndGlobalSection
	GlobalSection(ProjectConfigurationPlatforms) = postSolution
		{F781A00A-2D77-475D-B15D-5A2FC842097D}.Debug|Any CPU.ActiveCfg = Debug|Any CPU
		{F781A00A-2D77-475D-B15D-5A2FC842097D}.Debug|Any CPU.Build.0 = Debug|Any CPU
		{F781A00A-2D77-475D-B15D-5A2FC842097D}.Release|Any CPU.ActiveCfg = Release|Any CPU
		{F781A00A-2D77-475D-B15D-5A2FC842097D}.Release|Any CPU.Build.0 = Release|Any CPU
		{6FD72609-CD19-4D27-8170-11EAC792F701}.Debug|Any CPU.ActiveCfg = Debug|Any CPU
		{6FD72609-CD19-4D27-8170-11EAC792F701}.Debug|Any CPU.Build.0 = Debug|Any CPU
		{6FD72609-CD19-4D27-8170-11EAC792F701}.Release|Any CPU.ActiveCfg = Release|Any CPU
		{6FD72609-CD19-4D27-8170-11EAC792F701}.Release|Any CPU.Build.0 = Release|Any CPU
		{DCE0D8EB-DF37-4A24-8B9E-41F2837BB1F4}.Debug|Any CPU.ActiveCfg = Debug|Any CPU
		{DCE0D8EB-DF37-4A24-8B9E-41F2837BB1F4}.Debug|Any CPU.Build.0 = Debug|Any CPU
		{DCE0D8EB-DF37-4A24-8B9E-41F2837BB1F4}.Release|Any CPU.ActiveCfg = Release|Any CPU
		{DCE0D8EB-DF37-4A24-8B9E-41F2837BB1F4}.Release|Any CPU.Build.0 = Release|Any CPU
	EndGlobalSection
	GlobalSection(SolutionProperties) = preSolution
		HideSolutionNode = FALSE
	EndGlobalSection
	GlobalSection(ExtensibilityGlobals) = postSolution
		SolutionGuid = {83CB6400-B66C-4CB4-AF1D-C668CE0C79BF}
	EndGlobalSection
EndGlobal
